
Microsoft Visual Studio Solution File, Format Version 12.00
# Visual Studio Version 17
VisualStudioVersion = 17.13.35825.156 d17.13
MinimumVisualStudioVersion = 10.0.40219.1
Project("{888888A0-9F3D-457C-B088-3A5042F75D52}") = "WRO_Roboter2.0", "WRO_Roboter2.0.pyproj", "{4BF0177A-AD2A-458C-A812-36320964E191}"
EndProject
Global
	GlobalSection(SolutionConfigurationPlatforms) = preSolution
		Debug|Any CPU = Debug|Any CPU
		Release|Any CPU = Release|Any CPU
	EndGlobalSection
	GlobalSection(ProjectConfigurationPlatforms) = postSolution
		{4BF0177A-AD2A-458C-A812-36320964E191}.Debug|Any CPU.ActiveCfg = Debug|Any CPU
		{4BF0177A-AD2A-458C-A812-36320964E191}.Release|Any CPU.ActiveCfg = Release|Any CPU
	EndGlobalSection
	GlobalSection(SolutionProperties) = preSolution
		HideSolutionNode = FALSE
	EndGlobalSection
	GlobalSection(ExtensibilityGlobals) = postSolution
		SolutionGuid = {5CC9FBC3-3B65-4FC5-9E6F-F2450852717A}
	EndGlobalSection
EndGlobal
